{
  "name": "auction",
  "version": "1.0.0",
  "lockfileVersion": 2,
  "requires": true,
  "packages": {
    "": {
      "name": "auction",
      "version": "1.0.0",
      "dependencies": {
        "@eonasdan/tempus-dominus": "^6.2.7"
      }
    },
    "node_modules/@eonasdan/tempus-dominus": {
      "version": "6.2.7",
      "resolved": "https://registry.npmjs.org/@eonasdan/tempus-dominus/-/tempus-dominus-6.2.7.tgz",
      "integrity": "sha512-F2TRWkkgn4mrHX1m0sy2HU/fF6cMUM5kPtZJNHfV/ckcdq7Ooraldr6KiOHltGCec7/hv/aydwI6atLAMesNgQ==",
      "funding": {
        "url": "https://ko-fi.com/eonasdan"
      },
      "optionalDependencies": {
        "@popperjs/core": "^2.10.1"
      }
    },
    "node_modules/@popperjs/core": {
      "version": "2.11.6",
      "resolved": "https://registry.npmjs.org/@popperjs/core/-/core-2.11.6.tgz",
      "integrity": "sha512-50/17A98tWUfQ176raKiOGXuYpLyyVMkxxG6oylzL3BPOlA6ADGdK7EYunSa4I064xerltq9TGXs8HmOk5E+vw==",
      "optional": true,
      "funding": {
        "type": "opencollective",
        "url": "https://opencollective.com/popperjs"
      }
    }
  },
  "dependencies": {
    "@eonasdan/tempus-dominus": {
      "version": "6.2.7",
      "resolved": "https://registry.npmjs.org/@eonasdan/tempus-dominus/-/tempus-dominus-6.2.7.tgz",
      "integrity": "sha512-F2TRWkkgn4mrHX1m0sy2HU/fF6cMUM5kPtZJNHfV/ckcdq7Ooraldr6KiOHltGCec7/hv/aydwI6atLAMesNgQ==",
      "requires": {
        "@popperjs/core": "^2.10.1"
      }
    },
    "@popperjs/core": {
      "version": "2.11.6",
      "resolved": "https://registry.npmjs.org/@popperjs/core/-/core-2.11.6.tgz",
      "integrity": "sha512-50/17A98tWUfQ176raKiOGXuYpLyyVMkxxG6oylzL3BPOlA6ADGdK7EYunSa4I064xerltq9TGXs8HmOk5E+vw==",
      "optional": true
    }
  }
}
